// !$*UTF8*$!
{
	archiveVersion = 1;
	classes = {
	};
	objectVersion = 46;
	objects = {

/* Begin PBXBuildFile section */
		4F188F231BE4C4840093DEB9 /* NewsCategory+CoreDataProperties.m in Sources */ = {isa = PBXBuildFile; fileRef = 4F188F181BE4C4840093DEB9 /* NewsCategory+CoreDataProperties.m */; };
		4F188F241BE4C4840093DEB9 /* NewsCategory.m in Sources */ = {isa = PBXBuildFile; fileRef = 4F188F1A1BE4C4840093DEB9 /* NewsCategory.m */; };
		4F188F251BE4C4840093DEB9 /* NewsImage+CoreDataProperties.m in Sources */ = {isa = PBXBuildFile; fileRef = 4F188F1C1BE4C4840093DEB9 /* NewsImage+CoreDataProperties.m */; };
		4F188F261BE4C4840093DEB9 /* NewsImage.m in Sources */ = {isa = PBXBuildFile; fileRef = 4F188F1E1BE4C4840093DEB9 /* NewsImage.m */; };
		4F188F271BE4C4840093DEB9 /* NewsArticle+CoreDataProperties.m in Sources */ = {isa = PBXBuildFile; fileRef = 4F188F201BE4C4840093DEB9 /* NewsArticle+CoreDataProperties.m */; };
		4F188F281BE4C4840093DEB9 /* NewsArticle.m in Sources */ = {isa = PBXBuildFile; fileRef = 4F188F221BE4C4840093DEB9 /* NewsArticle.m */; };
		4F188F2B1BE4CA290093DEB9 /* PSRCoreDataTableViewController.m in Sources */ = {isa = PBXBuildFile; fileRef = 4F188F2A1BE4CA290093DEB9 /* PSRCoreDataTableViewController.m */; };
		4F82B58F1BE4A2740096B7C0 /* main.m in Sources */ = {isa = PBXBuildFile; fileRef = 4F82B58E1BE4A2740096B7C0 /* main.m */; };
		4F82B5921BE4A2740096B7C0 /* AppDelegate.m in Sources */ = {isa = PBXBuildFile; fileRef = 4F82B5911BE4A2740096B7C0 /* AppDelegate.m */; };
		4F82B5981BE4A2740096B7C0 /* Main.storyboard in Resources */ = {isa = PBXBuildFile; fileRef = 4F82B5961BE4A2740096B7C0 /* Main.storyboard */; };
		4F82B59A1BE4A2740096B7C0 /* Assets.xcassets in Resources */ = {isa = PBXBuildFile; fileRef = 4F82B5991BE4A2740096B7C0 /* Assets.xcassets */; };
		4F82B59D1BE4A2740096B7C0 /* LaunchScreen.storyboard in Resources */ = {isa = PBXBuildFile; fileRef = 4F82B59B1BE4A2740096B7C0 /* LaunchScreen.storyboard */; };
		4F82B5A61BE4A2BA0096B7C0 /* Model.xcdatamodeld in Sources */ = {isa = PBXBuildFile; fileRef = 4F82B5A41BE4A2BA0096B7C0 /* Model.xcdatamodeld */; };
		4F82B5A91BE4A8860096B7C0 /* NewsTableViewCell.m in Sources */ = {isa = PBXBuildFile; fileRef = 4F82B5A81BE4A8860096B7C0 /* NewsTableViewCell.m */; };
		4F82B5AC1BE4AE680096B7C0 /* NewsListViewController.m in Sources */ = {isa = PBXBuildFile; fileRef = 4F82B5AB1BE4AE680096B7C0 /* NewsListViewController.m */; };
		4F82B5AF1BE4AF8A0096B7C0 /* NewsAPIManager.m in Sources */ = {isa = PBXBuildFile; fileRef = 4F82B5AE1BE4AF8A0096B7C0 /* NewsAPIManager.m */; };
		4F82B5E01BE4BE2D0096B7C0 /* StoreManager.m in Sources */ = {isa = PBXBuildFile; fileRef = 4F82B5DF1BE4BE2D0096B7C0 /* StoreManager.m */; };
		4F8BA53D1BE4F8E600077285 /* NewsDetailedViewController.m in Sources */ = {isa = PBXBuildFile; fileRef = 4F8BA53C1BE4F8E600077285 /* NewsDetailedViewController.m */; };
		BC48AAB6E6CE48C7F7A87A00 /* libPods-MeduzaNewsiProg2SeptOtk2015.a in Frameworks */ = {isa = PBXBuildFile; fileRef = D3AAAB9B6CBA2DFB0AEFAAAA /* libPods-MeduzaNewsiProg2SeptOtk2015.a */; };
/* End PBXBuildFile section */

/* Begin PBXFileReference section */
		2F7B94DCF056B8F6D851BDE9 /* Pods-MeduzaNewsiProg2SeptOtk2015.release.xcconfig */ = {isa = PBXFileReference; includeInIndex = 1; lastKnownFileType = text.xcconfig; name = "Pods-MeduzaNewsiProg2SeptOtk2015.release.xcconfig"; path = "Pods/Target Support Files/Pods-MeduzaNewsiProg2SeptOtk2015/Pods-MeduzaNewsiProg2SeptOtk2015.release.xcconfig"; sourceTree = "<group>"; };
		4F188F171BE4C4840093DEB9 /* NewsCategory+CoreDataProperties.h */ = {isa = PBXFileReference; fileEncoding = 4; lastKnownFileType = sourcecode.c.h; name = "NewsCategory+CoreDataProperties.h"; path = "../NewsCategory+CoreDataProperties.h"; sourceTree = "<group>"; };
		4F188F181BE4C4840093DEB9 /* NewsCategory+CoreDataProperties.m */ = {isa = PBXFileReference; fileEncoding = 4; lastKnownFileType = sourcecode.c.objc; name = "NewsCategory+CoreDataProperties.m"; path = "../NewsCategory+CoreDataProperties.m"; sourceTree = "<group>"; };
		4F188F191BE4C4840093DEB9 /* NewsCategory.h */ = {isa = PBXFileReference; fileEncoding = 4; lastKnownFileType = sourcecode.c.h; name = NewsCategory.h; path = ../NewsCategory.h; sourceTree = "<group>"; };
		4F188F1A1BE4C4840093DEB9 /* NewsCategory.m */ = {isa = PBXFileReference; fileEncoding = 4; lastKnownFileType = sourcecode.c.objc; name = NewsCategory.m; path = ../NewsCategory.m; sourceTree = "<group>"; };
		4F188F1B1BE4C4840093DEB9 /* NewsImage+CoreDataProperties.h */ = {isa = PBXFileReference; fileEncoding = 4; lastKnownFileType = sourcecode.c.h; name = "NewsImage+CoreDataProperties.h"; path = "../NewsImage+CoreDataProperties.h"; sourceTree = "<group>"; };
		4F188F1C1BE4C4840093DEB9 /* NewsImage+CoreDataProperties.m */ = {isa = PBXFileReference; fileEncoding = 4; lastKnownFileType = sourcecode.c.objc; name = "NewsImage+CoreDataProperties.m"; path = "../NewsImage+CoreDataProperties.m"; sourceTree = "<group>"; };
		4F188F1D1BE4C4840093DEB9 /* NewsImage.h */ = {isa = PBXFileReference; fileEncoding = 4; lastKnownFileType = sourcecode.c.h; name = NewsImage.h; path = ../NewsImage.h; sourceTree = "<group>"; };
		4F188F1E1BE4C4840093DEB9 /* NewsImage.m */ = {isa = PBXFileReference; fileEncoding = 4; lastKnownFileType = sourcecode.c.objc; name = NewsImage.m; path = ../NewsImage.m; sourceTree = "<group>"; };
		4F188F1F1BE4C4840093DEB9 /* NewsArticle+CoreDataProperties.h */ = {isa = PBXFileReference; fileEncoding = 4; lastKnownFileType = sourcecode.c.h; name = "NewsArticle+CoreDataProperties.h"; path = "../NewsArticle+CoreDataProperties.h"; sourceTree = "<group>"; };
		4F188F201BE4C4840093DEB9 /* NewsArticle+CoreDataProperties.m */ = {isa = PBXFileReference; fileEncoding = 4; lastKnownFileType = sourcecode.c.objc; name = "NewsArticle+CoreDataProperties.m"; path = "../NewsArticle+CoreDataProperties.m"; sourceTree = "<group>"; };
		4F188F211BE4C4840093DEB9 /* NewsArticle.h */ = {isa = PBXFileReference; fileEncoding = 4; lastKnownFileType = sourcecode.c.h; name = NewsArticle.h; path = ../NewsArticle.h; sourceTree = "<group>"; };
		4F188F221BE4C4840093DEB9 /* NewsArticle.m */ = {isa = PBXFileReference; fileEncoding = 4; lastKnownFileType = sourcecode.c.objc; name = NewsArticle.m; path = ../NewsArticle.m; sourceTree = "<group>"; };
		4F188F291BE4CA290093DEB9 /* PSRCoreDataTableViewController.h */ = {isa = PBXFileReference; fileEncoding = 4; lastKnownFileType = sourcecode.c.h; name = PSRCoreDataTableViewController.h; path = ../PSRCoreDataTableViewController.h; sourceTree = "<group>"; };
		4F188F2A1BE4CA290093DEB9 /* PSRCoreDataTableViewController.m */ = {isa = PBXFileReference; fileEncoding = 4; lastKnownFileType = sourcecode.c.objc; name = PSRCoreDataTableViewController.m; path = ../PSRCoreDataTableViewController.m; sourceTree = "<group>"; };
		4F82B58A1BE4A2740096B7C0 /* MeduzaNewsiProg2SeptOtk2015.app */ = {isa = PBXFileReference; explicitFileType = wrapper.application; includeInIndex = 0; path = MeduzaNewsiProg2SeptOtk2015.app; sourceTree = BUILT_PRODUCTS_DIR; };
		4F82B58E1BE4A2740096B7C0 /* main.m */ = {isa = PBXFileReference; lastKnownFileType = sourcecode.c.objc; path = main.m; sourceTree = "<group>"; };
		4F82B5901BE4A2740096B7C0 /* AppDelegate.h */ = {isa = PBXFileReference; lastKnownFileType = sourcecode.c.h; path = AppDelegate.h; sourceTree = "<group>"; };
		4F82B5911BE4A2740096B7C0 /* AppDelegate.m */ = {isa = PBXFileReference; lastKnownFileType = sourcecode.c.objc; path = AppDelegate.m; sourceTree = "<group>"; };
		4F82B5971BE4A2740096B7C0 /* Base */ = {isa = PBXFileReference; lastKnownFileType = file.storyboard; name = Base; path = Base.lproj/Main.storyboard; sourceTree = "<group>"; };
		4F82B5991BE4A2740096B7C0 /* Assets.xcassets */ = {isa = PBXFileReference; lastKnownFileType = folder.assetcatalog; path = Assets.xcassets; sourceTree = "<group>"; };
		4F82B59C1BE4A2740096B7C0 /* Base */ = {isa = PBXFileReference; lastKnownFileType = file.storyboard; name = Base; path = Base.lproj/LaunchScreen.storyboard; sourceTree = "<group>"; };
		4F82B59E1BE4A2740096B7C0 /* Info.plist */ = {isa = PBXFileReference; lastKnownFileType = text.plist.xml; path = Info.plist; sourceTree = "<group>"; };
		4F82B5A51BE4A2BA0096B7C0 /* Model.xcdatamodel */ = {isa = PBXFileReference; lastKnownFileType = wrapper.xcdatamodel; path = Model.xcdatamodel; sourceTree = "<group>"; };
		4F82B5A71BE4A8860096B7C0 /* NewsTableViewCell.h */ = {isa = PBXFileReference; fileEncoding = 4; lastKnownFileType = sourcecode.c.h; path = NewsTableViewCell.h; sourceTree = "<group>"; };
		4F82B5A81BE4A8860096B7C0 /* NewsTableViewCell.m */ = {isa = PBXFileReference; fileEncoding = 4; lastKnownFileType = sourcecode.c.objc; path = NewsTableViewCell.m; sourceTree = "<group>"; };
		4F82B5AA1BE4AE680096B7C0 /* NewsListViewController.h */ = {isa = PBXFileReference; fileEncoding = 4; lastKnownFileType = sourcecode.c.h; path = NewsListViewController.h; sourceTree = "<group>"; };
		4F82B5AB1BE4AE680096B7C0 /* NewsListViewController.m */ = {isa = PBXFileReference; fileEncoding = 4; lastKnownFileType = sourcecode.c.objc; path = NewsListViewController.m; sourceTree = "<group>"; };
		4F82B5AD1BE4AF8A0096B7C0 /* NewsAPIManager.h */ = {isa = PBXFileReference; fileEncoding = 4; lastKnownFileType = sourcecode.c.h; path = NewsAPIManager.h; sourceTree = "<group>"; };
		4F82B5AE1BE4AF8A0096B7C0 /* NewsAPIManager.m */ = {isa = PBXFileReference; fileEncoding = 4; lastKnownFileType = sourcecode.c.objc; path = NewsAPIManager.m; sourceTree = "<group>"; };
		4F82B5DE1BE4BE2D0096B7C0 /* StoreManager.h */ = {isa = PBXFileReference; fileEncoding = 4; lastKnownFileType = sourcecode.c.h; path = StoreManager.h; sourceTree = "<group>"; };
		4F82B5DF1BE4BE2D0096B7C0 /* StoreManager.m */ = {isa = PBXFileReference; fileEncoding = 4; lastKnownFileType = sourcecode.c.objc; path = StoreManager.m; sourceTree = "<group>"; };
		4F8BA53B1BE4F8E600077285 /* NewsDetailedViewController.h */ = {isa = PBXFileReference; fileEncoding = 4; lastKnownFileType = sourcecode.c.h; path = NewsDetailedViewController.h; sourceTree = "<group>"; };
		4F8BA53C1BE4F8E600077285 /* NewsDetailedViewController.m */ = {isa = PBXFileReference; fileEncoding = 4; lastKnownFileType = sourcecode.c.objc; path = NewsDetailedViewController.m; sourceTree = "<group>"; };
		B4CE4C4E4130FAA5AFD441ED /* Pods-MeduzaNewsiProg2SeptOtk2015.debug.xcconfig */ = {isa = PBXFileReference; includeInIndex = 1; lastKnownFileType = text.xcconfig; name = "Pods-MeduzaNewsiProg2SeptOtk2015.debug.xcconfig"; path = "Pods/Target Support Files/Pods-MeduzaNewsiProg2SeptOtk2015/Pods-MeduzaNewsiProg2SeptOtk2015.debug.xcconfig"; sourceTree = "<group>"; };
		D3AAAB9B6CBA2DFB0AEFAAAA /* libPods-MeduzaNewsiProg2SeptOtk2015.a */ = {isa = PBXFileReference; explicitFileType = archive.ar; includeInIndex = 0; path = "libPods-MeduzaNewsiProg2SeptOtk2015.a"; sourceTree = BUILT_PRODUCTS_DIR; };
/* End PBXFileReference section */

/* Begin PBXFrameworksBuildPhase section */
		4F82B5871BE4A2740096B7C0 /* Frameworks */ = {
			isa = PBXFrameworksBuildPhase;
			buildActionMask = 2147483647;
			files = (
				BC48AAB6E6CE48C7F7A87A00 /* libPods-MeduzaNewsiProg2SeptOtk2015.a in Frameworks */,
			);
			runOnlyForDeploymentPostprocessing = 0;
		};
/* End PBXFrameworksBuildPhase section */

/* Begin PBXGroup section */
		4F82B5811BE4A2740096B7C0 = {
			isa = PBXGroup;
			children = (
				4F82B58C1BE4A2740096B7C0 /* MeduzaNewsiProg2SeptOtk2015 */,
				4F82B58B1BE4A2740096B7C0 /* Products */,
				C318D338BAD1AEB78EA322CF /* Pods */,
				EBE55E43532D7C703E20CA17 /* Frameworks */,
			);
			sourceTree = "<group>";
		};
		4F82B58B1BE4A2740096B7C0 /* Products */ = {
			isa = PBXGroup;
			children = (
				4F82B58A1BE4A2740096B7C0 /* MeduzaNewsiProg2SeptOtk2015.app */,
			);
			name = Products;
			sourceTree = "<group>";
		};
		4F82B58C1BE4A2740096B7C0 /* MeduzaNewsiProg2SeptOtk2015 */ = {
			isa = PBXGroup;
			children = (
				4F188F291BE4CA290093DEB9 /* PSRCoreDataTableViewController.h */,
				4F188F2A1BE4CA290093DEB9 /* PSRCoreDataTableViewController.m */,
				4F82B5CB1BE4BCC60096B7C0 /* CoreData */,
				4F82B5AA1BE4AE680096B7C0 /* NewsListViewController.h */,
				4F82B5AB1BE4AE680096B7C0 /* NewsListViewController.m */,
				4F82B5DE1BE4BE2D0096B7C0 /* StoreManager.h */,
				4F8BA53B1BE4F8E600077285 /* NewsDetailedViewController.h */,
				4F8BA53C1BE4F8E600077285 /* NewsDetailedViewController.m */,
				4F82B5DF1BE4BE2D0096B7C0 /* StoreManager.m */,
				4F82B5AD1BE4AF8A0096B7C0 /* NewsAPIManager.h */,
				4F82B5AE1BE4AF8A0096B7C0 /* NewsAPIManager.m */,
				4F82B5A41BE4A2BA0096B7C0 /* Model.xcdatamodeld */,
				4F82B5A71BE4A8860096B7C0 /* NewsTableViewCell.h */,
				4F82B5A81BE4A8860096B7C0 /* NewsTableViewCell.m */,
				4F82B5901BE4A2740096B7C0 /* AppDelegate.h */,
				4F82B5911BE4A2740096B7C0 /* AppDelegate.m */,
				4F82B5961BE4A2740096B7C0 /* Main.storyboard */,
				4F82B5991BE4A2740096B7C0 /* Assets.xcassets */,
				4F82B59B1BE4A2740096B7C0 /* LaunchScreen.storyboard */,
				4F82B59E1BE4A2740096B7C0 /* Info.plist */,
				4F82B58D1BE4A2740096B7C0 /* Supporting Files */,
			);
			path = MeduzaNewsiProg2SeptOtk2015;
			sourceTree = "<group>";
		};
		4F82B58D1BE4A2740096B7C0 /* Supporting Files */ = {
			isa = PBXGroup;
			children = (
				4F82B58E1BE4A2740096B7C0 /* main.m */,
			);
			name = "Supporting Files";
			sourceTree = "<group>";
		};
		4F82B5CB1BE4BCC60096B7C0 /* CoreData */ = {
			isa = PBXGroup;
			children = (
				4F188F171BE4C4840093DEB9 /* NewsCategory+CoreDataProperties.h */,
				4F188F181BE4C4840093DEB9 /* NewsCategory+CoreDataProperties.m */,
				4F188F191BE4C4840093DEB9 /* NewsCategory.h */,
				4F188F1A1BE4C4840093DEB9 /* NewsCategory.m */,
				4F188F1B1BE4C4840093DEB9 /* NewsImage+CoreDataProperties.h */,
				4F188F1C1BE4C4840093DEB9 /* NewsImage+CoreDataProperties.m */,
				4F188F1D1BE4C4840093DEB9 /* NewsImage.h */,
				4F188F1E1BE4C4840093DEB9 /* NewsImage.m */,
				4F188F1F1BE4C4840093DEB9 /* NewsArticle+CoreDataProperties.h */,
				4F188F201BE4C4840093DEB9 /* NewsArticle+CoreDataProperties.m */,
				4F188F211BE4C4840093DEB9 /* NewsArticle.h */,
				4F188F221BE4C4840093DEB9 /* NewsArticle.m */,
			);
			name = CoreData;
			sourceTree = "<group>";
		};
		C318D338BAD1AEB78EA322CF /* Pods */ = {
			isa = PBXGroup;
			children = (
				B4CE4C4E4130FAA5AFD441ED /* Pods-MeduzaNewsiProg2SeptOtk2015.debug.xcconfig */,
				2F7B94DCF056B8F6D851BDE9 /* Pods-MeduzaNewsiProg2SeptOtk2015.release.xcconfig */,
			);
			name = Pods;
			sourceTree = "<group>";
		};
		EBE55E43532D7C703E20CA17 /* Frameworks */ = {
			isa = PBXGroup;
			children = (
				D3AAAB9B6CBA2DFB0AEFAAAA /* libPods-MeduzaNewsiProg2SeptOtk2015.a */,
			);
			name = Frameworks;
			sourceTree = "<group>";
		};
/* End PBXGroup section */

/* Begin PBXNativeTarget section */
		4F82B5891BE4A2740096B7C0 /* MeduzaNewsiProg2SeptOtk2015 */ = {
			isa = PBXNativeTarget;
			buildConfigurationList = 4F82B5A11BE4A2740096B7C0 /* Build configuration list for PBXNativeTarget "MeduzaNewsiProg2SeptOtk2015" */;
			buildPhases = (
				43F0556C7FB8816322B7F34C /* Check Pods Manifest.lock */,
				4F82B5861BE4A2740096B7C0 /* Sources */,
				4F82B5871BE4A2740096B7C0 /* Frameworks */,
				4F82B5881BE4A2740096B7C0 /* Resources */,
				A83E7B9A6D0570CF9798D016 /* Embed Pods Frameworks */,
				8A062F098D00FA37218E6A91 /* Copy Pods Resources */,
			);
			buildRules = (
			);
			dependencies = (
			);
			name = MeduzaNewsiProg2SeptOtk2015;
			productName = MeduzaNewsiProg2SeptOtk2015;
			productReference = 4F82B58A1BE4A2740096B7C0 /* MeduzaNewsiProg2SeptOtk2015.app */;
			productType = "com.apple.product-type.application";
		};
/* End PBXNativeTarget section */

/* Begin PBXProject section */
		4F82B5821BE4A2740096B7C0 /* Project object */ = {
			isa = PBXProject;
			attributes = {
				LastUpgradeCheck = 0710;
				ORGANIZATIONNAME = "Nikolay Shubenkov";
				TargetAttributes = {
					4F82B5891BE4A2740096B7C0 = {
						CreatedOnToolsVersion = 7.1;
					};
				};
			};
			buildConfigurationList = 4F82B5851BE4A2740096B7C0 /* Build configuration list for PBXProject "MeduzaNewsiProg2SeptOtk2015" */;
			compatibilityVersion = "Xcode 3.2";
			developmentRegion = English;
			hasScannedForEncodings = 0;
			knownRegions = (
				en,
				Base,
			);
			mainGroup = 4F82B5811BE4A2740096B7C0;
			productRefGroup = 4F82B58B1BE4A2740096B7C0 /* Products */;
			projectDirPath = "";
			projectRoot = "";
			targets = (
				4F82B5891BE4A2740096B7C0 /* MeduzaNewsiProg2SeptOtk2015 */,
			);
		};
/* End PBXProject section */

/* Begin PBXResourcesBuildPhase section */
		4F82B5881BE4A2740096B7C0 /* Resources */ = {
			isa = PBXResourcesBuildPhase;
			buildActionMask = 2147483647;
			files = (
				4F82B59D1BE4A2740096B7C0 /* LaunchScreen.storyboard in Resources */,
				4F82B59A1BE4A2740096B7C0 /* Assets.xcassets in Resources */,
				4F82B5981BE4A2740096B7C0 /* Main.storyboard in Resources */,
			);
			runOnlyForDeploymentPostprocessing = 0;
		};
/* End PBXResourcesBuildPhase section */

/* Begin PBXShellScriptBuildPhase section */
		43F0556C7FB8816322B7F34C /* Check Pods Manifest.lock */ = {
			isa = PBXShellScriptBuildPhase;
			buildActionMask = 2147483647;
			files = (
			);
			inputPaths = (
			);
			name = "Check Pods Manifest.lock";
			outputPaths = (
			);
			runOnlyForDeploymentPostprocessing = 0;
			shellPath = /bin/sh;
			shellScript = "diff \"${PODS_ROOT}/../Podfile.lock\" \"${PODS_ROOT}/Manifest.lock\" > /dev/null\nif [[ $? != 0 ]] ; then\n    cat << EOM\nerror: The sandbox is not in sync with the Podfile.lock. Run 'pod install' or update your CocoaPods installation.\nEOM\n    exit 1\nfi\n";
			showEnvVarsInLog = 0;
		};
		8A062F098D00FA37218E6A91 /* Copy Pods Resources */ = {
			isa = PBXShellScriptBuildPhase;
			buildActionMask = 2147483647;
			files = (
			);
			inputPaths = (
			);
			name = "Copy Pods Resources";
			outputPaths = (
			);
			runOnlyForDeploymentPostprocessing = 0;
			shellPath = /bin/sh;
			shellScript = "\"${SRCROOT}/Pods/Target Support Files/Pods-MeduzaNewsiProg2SeptOtk2015/Pods-MeduzaNewsiProg2SeptOtk2015-resources.sh\"\n";
			showEnvVarsInLog = 0;
		};
		A83E7B9A6D0570CF9798D016 /* Embed Pods Frameworks */ = {
			isa = PBXShellScriptBuildPhase;
			buildActionMask = 2147483647;
			files = (
			);
			inputPaths = (
			);
			name = "Embed Pods Frameworks";
			outputPaths = (
			);
			runOnlyForDeploymentPostprocessing = 0;
			shellPath = /bin/sh;
			shellScript = "\"${SRCROOT}/Pods/Target Support Files/Pods-MeduzaNewsiProg2SeptOtk2015/Pods-MeduzaNewsiProg2SeptOtk2015-frameworks.sh\"\n";
			showEnvVarsInLog = 0;
		};
/* End PBXShellScriptBuildPhase section */

/* Begin PBXSourcesBuildPhase section */
		4F82B5861BE4A2740096B7C0 /* Sources */ = {
			isa = PBXSourcesBuildPhase;
			buildActionMask = 2147483647;
			files = (
				4F188F2B1BE4CA290093DEB9 /* PSRCoreDataTableViewController.m in Sources */,
				4F82B5E01BE4BE2D0096B7C0 /* StoreManager.m in Sources */,
				4F82B5A91BE4A8860096B7C0 /* NewsTableViewCell.m in Sources */,
				4F82B5921BE4A2740096B7C0 /* AppDelegate.m in Sources */,
				4F82B58F1BE4A2740096B7C0 /* main.m in Sources */,
				4F188F241BE4C4840093DEB9 /* NewsCategory.m in Sources */,
				4F82B5AF1BE4AF8A0096B7C0 /* NewsAPIManager.m in Sources */,
				4F188F271BE4C4840093DEB9 /* NewsArticle+CoreDataProperties.m in Sources */,
				4F188F261BE4C4840093DEB9 /* NewsImage.m in Sources */,
				4F8BA53D1BE4F8E600077285 /* NewsDetailedViewController.m in Sources */,
				4F188F281BE4C4840093DEB9 /* NewsArticle.m in Sources */,
				4F188F251BE4C4840093DEB9 /* NewsImage+CoreDataProperties.m in Sources */,
				4F82B5A61BE4A2BA0096B7C0 /* Model.xcdatamodeld in Sources */,
				4F188F231BE4C4840093DEB9 /* NewsCategory+CoreDataProperties.m in Sources */,
				4F82B5AC1BE4AE680096B7C0 /* NewsListViewController.m in Sources */,
			);
			runOnlyForDeploymentPostprocessing = 0;
		};
/* End PBXSourcesBuildPhase section */

/* Begin PBXVariantGroup section */
		4F82B5961BE4A2740096B7C0 /* Main.storyboard */ = {
			isa = PBXVariantGroup;
			children = (
				4F82B5971BE4A2740096B7C0 /* Base */,
			);
			name = Main.storyboard;
			sourceTree = "<group>";
		};
		4F82B59B1BE4A2740096B7C0 /* LaunchScreen.storyboard */ = {
			isa = PBXVariantGroup;
			children = (
				4F82B59C1BE4A2740096B7C0 /* Base */,
			);
			name = LaunchScreen.storyboard;
			sourceTree = "<group>";
		};
/* End PBXVariantGroup section */

/* Begin XCBuildConfiguration section */
		4F82B59F1BE4A2740096B7C0 /* Debug */ = {
			isa = XCBuildConfiguration;
			buildSettings = {
				ALWAYS_SEARCH_USER_PATHS = NO;
				CLANG_CXX_LANGUAGE_STANDARD = "gnu++0x";
				CLANG_CXX_LIBRARY = "libc++";
				CLANG_ENABLE_MODULES = YES;
				CLANG_ENABLE_OBJC_ARC = YES;
				CLANG_WARN_BOOL_CONVERSION = YES;
				CLANG_WARN_CONSTANT_CONVERSION = YES;
				CLANG_WARN_DIRECT_OBJC_ISA_USAGE = YES_ERROR;
				CLANG_WARN_EMPTY_BODY = YES;
				CLANG_WARN_ENUM_CONVERSION = YES;
				CLANG_WARN_INT_CONVERSION = YES;
				CLANG_WARN_OBJC_ROOT_CLASS = YES_ERROR;
				CLANG_WARN_UNREACHABLE_CODE = YES;
				CLANG_WARN__DUPLICATE_METHOD_MATCH = YES;
				"CODE_SIGN_IDENTITY[sdk=iphoneos*]" = "iPhone Developer";
				COPY_PHASE_STRIP = NO;
				DEBUG_INFORMATION_FORMAT = dwarf;
				ENABLE_STRICT_OBJC_MSGSEND = YES;
				ENABLE_TESTABILITY = YES;
				GCC_C_LANGUAGE_STANDARD = gnu99;
				GCC_DYNAMIC_NO_PIC = NO;
				GCC_NO_COMMON_BLOCKS = YES;
				GCC_OPTIMIZATION_LEVEL = 0;
				GCC_PREPROCESSOR_DEFINITIONS = (
					"DEBUG=1",
					"$(inherited)",
				);
				GCC_WARN_64_TO_32_BIT_CONVERSION = YES;
				GCC_WARN_ABOUT_RETURN_TYPE = YES_ERROR;
				GCC_WARN_UNDECLARED_SELECTOR = YES;
				GCC_WARN_UNINITIALIZED_AUTOS = YES_AGGRESSIVE;
				GCC_WARN_UNUSED_FUNCTION = YES;
				GCC_WARN_UNUSED_VARIABLE = YES;
				IPHONEOS_DEPLOYMENT_TARGET = 9.1;
				MTL_ENABLE_DEBUG_INFO = YES;
				ONLY_ACTIVE_ARCH = YES;
				SDKROOT = iphoneos;
				TARGETED_DEVICE_FAMILY = "1,2";
			};
			name = Debug;
		};
		4F82B5A01BE4A2740096B7C0 /* Release */ = {
			isa = XCBuildConfiguration;
			buildSettings = {
				ALWAYS_SEARCH_USER_PATHS = NO;
				CLANG_CXX_LANGUAGE_STANDARD = "gnu++0x";
				CLANG_CXX_LIBRARY = "libc++";
				CLANG_ENABLE_MODULES = YES;
				CLANG_ENABLE_OBJC_ARC = YES;
				CLANG_WARN_BOOL_CONVERSION = YES;
				CLANG_WARN_CONSTANT_CONVERSION = YES;
				CLANG_WARN_DIRECT_OBJC_ISA_USAGE = YES_ERROR;
				CLANG_WARN_EMPTY_BODY = YES;
				CLANG_WARN_ENUM_CONVERSION = YES;
				CLANG_WARN_INT_CONVERSION = YES;
				CLANG_WARN_OBJC_ROOT_CLASS = YES_ERROR;
				CLANG_WARN_UNREACHABLE_CODE = YES;
				CLANG_WARN__DUPLICATE_METHOD_MATCH = YES;
				"CODE_SIGN_IDENTITY[sdk=iphoneos*]" = "iPhone Developer";
				COPY_PHASE_STRIP = NO;
				DEBUG_INFORMATION_FORMAT = "dwarf-with-dsym";
				ENABLE_NS_ASSERTIONS = NO;
				ENABLE_STRICT_OBJC_MSGSEND = YES;
				GCC_C_LANGUAGE_STANDARD = gnu99;
				GCC_NO_COMMON_BLOCKS = YES;
				GCC_WARN_64_TO_32_BIT_CONVERSION = YES;
				GCC_WARN_ABOUT_RETURN_TYPE = YES_ERROR;
				GCC_WARN_UNDECLARED_SELECTOR = YES;
				GCC_WARN_UNINITIALIZED_AUTOS = YES_AGGRESSIVE;
				GCC_WARN_UNUSED_FUNCTION = YES;
				GCC_WARN_UNUSED_VARIABLE = YES;
				IPHONEOS_DEPLOYMENT_TARGET = 9.1;
				MTL_ENABLE_DEBUG_INFO = NO;
				SDKROOT = iphoneos;
				TARGETED_DEVICE_FAMILY = "1,2";
				VALIDATE_PRODUCT = YES;
			};
			name = Release;
		};
		4F82B5A21BE4A2740096B7C0 /* Debug */ = {
			isa = XCBuildConfiguration;
			baseConfigurationReference = B4CE4C4E4130FAA5AFD441ED /* Pods-MeduzaNewsiProg2SeptOtk2015.debug.xcconfig */;
			buildSettings = {
				ASSETCATALOG_COMPILER_APPICON_NAME = AppIcon;
				INFOPLIST_FILE = MeduzaNewsiProg2SeptOtk2015/Info.plist;
				LD_RUNPATH_SEARCH_PATHS = "$(inherited) @executable_path/Frameworks";
				PRODUCT_BUNDLE_IDENTIFIER = ias.su.MeduzaNewsiProg2SeptOtk2015;
				PRODUCT_NAME = "$(TARGET_NAME)";
			};
			name = Debug;
		};
		4F82B5A31BE4A2740096B7C0 /* Release */ = {
			isa = XCBuildConfiguration;
			baseConfigurationReference = 2F7B94DCF056B8F6D851BDE9 /* Pods-MeduzaNewsiProg2SeptOtk2015.release.xcconfig */;
			buildSettings = {
				ASSETCATALOG_COMPILER_APPICON_NAME = AppIcon;
				INFOPLIST_FILE = MeduzaNewsiProg2SeptOtk2015/Info.plist;
				LD_RUNPATH_SEARCH_PATHS = "$(inherited) @executable_path/Frameworks";
				PRODUCT_BUNDLE_IDENTIFIER = ias.su.MeduzaNewsiProg2SeptOtk2015;
				PRODUCT_NAME = "$(TARGET_NAME)";
			};
			name = Release;
		};
/* End XCBuildConfiguration section */

/* Begin XCConfigurationList section */
		4F82B5851BE4A2740096B7C0 /* Build configuration list for PBXProject "MeduzaNewsiProg2SeptOtk2015" */ = {
			isa = XCConfigurationList;
			buildConfigurations = (
				4F82B59F1BE4A2740096B7C0 /* Debug */,
				4F82B5A01BE4A2740096B7C0 /* Release */,
			);
			defaultConfigurationIsVisible = 0;
			defaultConfigurationName = Release;
		};
		4F82B5A11BE4A2740096B7C0 /* Build configuration list for PBXNativeTarget "MeduzaNewsiProg2SeptOtk2015" */ = {
			isa = XCConfigurationList;
			buildConfigurations = (
				4F82B5A21BE4A2740096B7C0 /* Debug */,
				4F82B5A31BE4A2740096B7C0 /* Release */,
			);
			defaultConfigurationIsVisible = 0;
			defaultConfigurationName = Release;
		};
/* End XCConfigurationList section */

/* Begin XCVersionGroup section */
		4F82B5A41BE4A2BA0096B7C0 /* Model.xcdatamodeld */ = {
			isa = XCVersionGroup;
			children = (
				4F82B5A51BE4A2BA0096B7C0 /* Model.xcdatamodel */,
			);
			currentVersion = 4F82B5A51BE4A2BA0096B7C0 /* Model.xcdatamodel */;
			name = Model.xcdatamodeld;
			path = ../Model.xcdatamodeld;
			sourceTree = "<group>";
			versionGroupType = wrapper.xcdatamodel;
		};
/* End XCVersionGroup section */
	};
	rootObject = 4F82B5821BE4A2740096B7C0 /* Project object */;
}
